{
  "version": 4,
  "terraform_version": "1.14.6",
  "serial": 47,
  "lineage": "a493995c-53e4-74c2-7e49-0d592f34fa39",
  "outputs": {},
  "resources": [
    {
      "mode": "managed",
      "type": "local_file",
      "name": "dogs",
      "provider": "provider[\"registry.terraform.io/hashicorp/local\"]",
      "instances": [
        {
          "schema_version": 0,
          "attributes": {
            "content": "We love dogs!",
            "content_base64": null,
            "content_base64sha256": "gmMOSwrASGKSNprRplv1xMace9vUF6pBbx3KR1fHf4c=",
            "content_base64sha512": "CRh5s+ktTy5y/2RxGr0w+Lth593mkxa0M/MWmgya97pO/0D1vZDEKs6rc3J5f2KHciMnB6KIcoSZ3x32lF9RQQ==",
            "content_md5": "c4b44ea5a6efd8a2d16df2b97dcce50e",
            "content_sha1": "9b0a54a41c74ce54e1b5ac42e2bbeb5b00959fdc",
            "content_sha256": "82630e4b0ac0486292369ad1a65bf5c4c69c7bdbd417aa416f1dca4757c77f87",
            "content_sha512": "091879b3e92d4f2e72ff64711abd30f8bb61e7dde69316b433f3169a0c9af7ba4eff40f5bd90c42aceab7372797f628772232707a288728499df1df6945f5141",
            "directory_permission": "0777",
            "file_permission": "0777",
            "filename": "dogs.txt",
            "id": "9b0a54a41c74ce54e1b5ac42e2bbeb5b00959fdc",
            "sensitive_content": null,
            "source": null
          },
          "sensitive_attributes": [
            [
              {
                "type": "get_attr",
                "value": "sensitive_content"
              }
            ]
          ],
          "identity_schema_version": 0
        }
      ]
    },
    {
      "mode": "managed",
      "type": "random_pet",
      "name": "my-pet",
      "provider": "provider[\"registry.terraform.io/hashicorp/random\"]",
      "instances": [
        {
          "schema_version": 0,
          "attributes": {
            "id": "Mrs.cow",
            "keepers": null,
            "length": 1,
            "prefix": "Mrs",
            "separator": "."
          },
          "sensitive_attributes": [],
          "identity_schema_version": 0
        }
      ]
    }
  ],
  "check_results": null
}
